
Microsoft Visual Studio Solution File, Format Version 12.00
# Visual Studio Version 17
VisualStudioVersion = 17.2.32616.157
MinimumVisualStudioVersion = 10.0.40219.1
Project("{FAE04EC0-301F-11D3-BF4B-00C04F79EFBC}") = "EmployeeManagementSystem", "EmployeeManagementSystem\EmployeeManagementSystem.csproj", "{D8D696BF-A05C-4FAC-880D-0CEBB3956562}"
EndProject
Project("{FAE04EC0-301F-11D3-BF4B-00C04F79EFBC}") = "EmployeeManagementSystemCore", "EmployeeManagementSystemCore\EmployeeManagementSystemCore.csproj", "{1A9F0910-12C3-41A8-952E-2B00ACDBEC99}"
EndProject
Project("{FAE04EC0-301F-11D3-BF4B-00C04F79EFBC}") = "EmployeeManagementSystemInfrastructure", "EmployeeManagementSystemInfrastructure\EmployeeManagementSystemInfrastructure.csproj", "{BE585B15-5C2D-49CA-B696-DD5A5ED071F8}"
EndProject
Global
	GlobalSection(SolutionConfigurationPlatforms) = preSolution
		Debug|Any CPU = Debug|Any CPU
		Release|Any CPU = Release|Any CPU
	EndGlobalSection
	GlobalSection(ProjectConfigurationPlatforms) = postSolution
		{D8D696BF-A05C-4FAC-880D-0CEBB3956562}.Debug|Any CPU.ActiveCfg = Debug|Any CPU
		{D8D696BF-A05C-4FAC-880D-0CEBB3956562}.Debug|Any CPU.Build.0 = Debug|Any CPU
		{D8D696BF-A05C-4FAC-880D-0CEBB3956562}.Release|Any CPU.ActiveCfg = Release|Any CPU
		{D8D696BF-A05C-4FAC-880D-0CEBB3956562}.Release|Any CPU.Build.0 = Release|Any CPU
		{1A9F0910-12C3-41A8-952E-2B00ACDBEC99}.Debug|Any CPU.ActiveCfg = Debug|Any CPU
		{1A9F0910-12C3-41A8-952E-2B00ACDBEC99}.Debug|Any CPU.Build.0 = Debug|Any CPU
		{1A9F0910-12C3-41A8-952E-2B00ACDBEC99}.Release|Any CPU.ActiveCfg = Release|Any CPU
		{1A9F0910-12C3-41A8-952E-2B00ACDBEC99}.Release|Any CPU.Build.0 = Release|Any CPU
		{BE585B15-5C2D-49CA-B696-DD5A5ED071F8}.Debug|Any CPU.ActiveCfg = Debug|Any CPU
		{BE585B15-5C2D-49CA-B696-DD5A5ED071F8}.Debug|Any CPU.Build.0 = Debug|Any CPU
		{BE585B15-5C2D-49CA-B696-DD5A5ED071F8}.Release|Any CPU.ActiveCfg = Release|Any CPU
		{BE585B15-5C2D-49CA-B696-DD5A5ED071F8}.Release|Any CPU.Build.0 = Release|Any CPU
	EndGlobalSection
	GlobalSection(SolutionProperties) = preSolution
		HideSolutionNode = FALSE
	EndGlobalSection
	GlobalSection(ExtensibilityGlobals) = postSolution
		SolutionGuid = {47B2EB03-EC5D-4139-860D-B1C07521EFEE}
	EndGlobalSection
EndGlobal
